
Microsoft Visual Studio Solution File, Format Version 12.00
# Visual Studio Version 16
VisualStudioVersion = 16.0.29728.190
MinimumVisualStudioVersion = 10.0.40219.1
Project("{FAE04EC0-301F-11D3-BF4B-00C04F79EFBC}") = "HM_1", "HM_1\HM_1.csproj", "{505ABB88-060D-4A61-BB2B-ABABDD90D357}"
EndProject
Global
	GlobalSection(SolutionConfigurationPlatforms) = preSolution
		Debug|Any CPU = Debug|Any CPU
		Release|Any CPU = Release|Any CPU
	EndGlobalSection
	GlobalSection(ProjectConfigurationPlatforms) = postSolution
		{505ABB88-060D-4A61-BB2B-ABABDD90D357}.Debug|Any CPU.ActiveCfg = Debug|Any CPU
		{505ABB88-060D-4A61-BB2B-ABABDD90D357}.Debug|Any CPU.Build.0 = Debug|Any CPU
		{505ABB88-060D-4A61-BB2B-ABABDD90D357}.Release|Any CPU.ActiveCfg = Release|Any CPU
		{505ABB88-060D-4A61-BB2B-ABABDD90D357}.Release|Any CPU.Build.0 = Release|Any CPU
	EndGlobalSection
	GlobalSection(SolutionProperties) = preSolution
		HideSolutionNode = FALSE
	EndGlobalSection
	GlobalSection(ExtensibilityGlobals) = postSolution
		SolutionGuid = {5F83C20B-72B1-4394-84BE-F059CCC4DC95}
	EndGlobalSection
EndGlobal
