
Microsoft Visual Studio Solution File, Format Version 12.00
# Visual Studio Version 16
VisualStudioVersion = 16.0.29728.190
MinimumVisualStudioVersion = 10.0.40219.1
Project("{FAE04EC0-301F-11D3-BF4B-00C04F79EFBC}") = "HW_14_DoubleLinkedList", "HW_14_DoubleLinkedList\HW_14_DoubleLinkedList.csproj", "{281EA74C-237F-407A-BD94-143DCB78356F}"
EndProject
Global
	GlobalSection(SolutionConfigurationPlatforms) = preSolution
		Debug|Any CPU = Debug|Any CPU
		Release|Any CPU = Release|Any CPU
	EndGlobalSection
	GlobalSection(ProjectConfigurationPlatforms) = postSolution
		{281EA74C-237F-407A-BD94-143DCB78356F}.Debug|Any CPU.ActiveCfg = Debug|Any CPU
		{281EA74C-237F-407A-BD94-143DCB78356F}.Debug|Any CPU.Build.0 = Debug|Any CPU
		{281EA74C-237F-407A-BD94-143DCB78356F}.Release|Any CPU.ActiveCfg = Release|Any CPU
		{281EA74C-237F-407A-BD94-143DCB78356F}.Release|Any CPU.Build.0 = Release|Any CPU
	EndGlobalSection
	GlobalSection(SolutionProperties) = preSolution
		HideSolutionNode = FALSE
	EndGlobalSection
	GlobalSection(ExtensibilityGlobals) = postSolution
		SolutionGuid = {E67ADF05-9413-4CC4-B45A-65F62161BEF2}
	EndGlobalSection
EndGlobal
